
Microsoft Visual Studio Solution File, Format Version 12.00
# Visual Studio 15
VisualStudioVersion = 15.0.26730.10
MinimumVisualStudioVersion = 10.0.40219.1

Project("{6EC3EE1D-3C4E-46DD-8F32-0CC8E7565705}") = "FakeNukeTryout", "FakeNukeTryout\FakeNukeTryout.fsproj", "{A78DDDDA-D12B-4594-8703-F133455B2F9B}"
EndProject

Project("{F2A71F9B-5D33-465A-A702-920D77279786}") = "FakeNukeTryout.Android", "FakeNukeTryout.Android\FakeNukeTryout.Android.fsproj", "{89CD4913-0A36-45E4-B99D-43385D7E2E45}"
EndProject


Project("{F2A71F9B-5D33-465A-A702-920D77279786}") = "FakeNukeTryout.iOS", "FakeNukeTryout.iOS\FakeNukeTryout.iOS.fsproj", "{FEA1D3C0-C443-4022-ADF2-20945BF97BB9}"
EndProject
Project("{F2A71F9B-5D33-465A-A702-920D77279786}") = "UITest", "UITest\UITest.fsproj", "{2CBF15DB-6739-4AB0-9887-082EE04C64D7}"
EndProject




Global
	GlobalSection(SolutionConfigurationPlatforms) = preSolution
		Ad-Hoc|Any CPU = Ad-Hoc|Any CPU
		Ad-Hoc|ARM = Ad-Hoc|ARM
		Ad-Hoc|iPhone = Ad-Hoc|iPhone
		Ad-Hoc|iPhoneSimulator = Ad-Hoc|iPhoneSimulator
		Ad-Hoc|x64 = Ad-Hoc|x64
		Ad-Hoc|x86 = Ad-Hoc|x86
		AppStore|Any CPU = AppStore|Any CPU
		AppStore|ARM = AppStore|ARM
		AppStore|iPhone = AppStore|iPhone
		AppStore|iPhoneSimulator = AppStore|iPhoneSimulator
		AppStore|x64 = AppStore|x64
		AppStore|x86 = AppStore|x86
		Debug|Any CPU = Debug|Any CPU
		Debug|ARM = Debug|ARM
		Debug|iPhone = Debug|iPhone
		Debug|iPhoneSimulator = Debug|iPhoneSimulator
		Debug|x64 = Debug|x64
		Debug|x86 = Debug|x86
		Release|Any CPU = Release|Any CPU
		Release|ARM = Release|ARM
		Release|iPhone = Release|iPhone
		Release|iPhoneSimulator = Release|iPhoneSimulator
		Release|x64 = Release|x64
		Release|x86 = Release|x86
	EndGlobalSection
	GlobalSection(ProjectConfigurationPlatforms) = postSolution
		{7A479A40-3E39-43CD-A4BD-E63F6A57CBD3}.Debug|Any CPU.ActiveCfg = Debug|Any CPU
		{7A479A40-3E39-43CD-A4BD-E63F6A57CBD3}.Release|Any CPU.ActiveCfg = Release|Any CPU
		{A78DDDDA-D12B-4594-8703-F133455B2F9B}.Ad-Hoc|Any CPU.ActiveCfg = Debug|Any CPU
		{A78DDDDA-D12B-4594-8703-F133455B2F9B}.Ad-Hoc|Any CPU.Build.0 = Debug|Any CPU
		{A78DDDDA-D12B-4594-8703-F133455B2F9B}.Ad-Hoc|ARM.ActiveCfg = Debug|Any CPU
		{A78DDDDA-D12B-4594-8703-F133455B2F9B}.Ad-Hoc|ARM.Build.0 = Debug|Any CPU
		{A78DDDDA-D12B-4594-8703-F133455B2F9B}.Ad-Hoc|iPhone.ActiveCfg = Debug|Any CPU
		{A78DDDDA-D12B-4594-8703-F133455B2F9B}.Ad-Hoc|iPhone.Build.0 = Debug|Any CPU
		{A78DDDDA-D12B-4594-8703-F133455B2F9B}.Ad-Hoc|iPhoneSimulator.ActiveCfg = Debug|Any CPU
		{A78DDDDA-D12B-4594-8703-F133455B2F9B}.Ad-Hoc|iPhoneSimulator.Build.0 = Debug|Any CPU
		{A78DDDDA-D12B-4594-8703-F133455B2F9B}.Ad-Hoc|x64.ActiveCfg = Debug|Any CPU
		{A78DDDDA-D12B-4594-8703-F133455B2F9B}.Ad-Hoc|x64.Build.0 = Debug|Any CPU
		{A78DDDDA-D12B-4594-8703-F133455B2F9B}.Ad-Hoc|x86.ActiveCfg = Debug|Any CPU
		{A78DDDDA-D12B-4594-8703-F133455B2F9B}.Ad-Hoc|x86.Build.0 = Debug|Any CPU
		{A78DDDDA-D12B-4594-8703-F133455B2F9B}.AppStore|Any CPU.ActiveCfg = Debug|Any CPU
		{A78DDDDA-D12B-4594-8703-F133455B2F9B}.AppStore|Any CPU.Build.0 = Debug|Any CPU
		{A78DDDDA-D12B-4594-8703-F133455B2F9B}.AppStore|ARM.ActiveCfg = Debug|Any CPU
		{A78DDDDA-D12B-4594-8703-F133455B2F9B}.AppStore|ARM.Build.0 = Debug|Any CPU
		{A78DDDDA-D12B-4594-8703-F133455B2F9B}.AppStore|iPhone.ActiveCfg = Debug|Any CPU
		{A78DDDDA-D12B-4594-8703-F133455B2F9B}.AppStore|iPhone.Build.0 = Debug|Any CPU
		{A78DDDDA-D12B-4594-8703-F133455B2F9B}.AppStore|iPhoneSimulator.ActiveCfg = Debug|Any CPU
		{A78DDDDA-D12B-4594-8703-F133455B2F9B}.AppStore|iPhoneSimulator.Build.0 = Debug|Any CPU
		{A78DDDDA-D12B-4594-8703-F133455B2F9B}.AppStore|x64.ActiveCfg = Debug|Any CPU
		{A78DDDDA-D12B-4594-8703-F133455B2F9B}.AppStore|x64.Build.0 = Debug|Any CPU
		{A78DDDDA-D12B-4594-8703-F133455B2F9B}.AppStore|x86.ActiveCfg = Debug|Any CPU
		{A78DDDDA-D12B-4594-8703-F133455B2F9B}.AppStore|x86.Build.0 = Debug|Any CPU
		{A78DDDDA-D12B-4594-8703-F133455B2F9B}.Debug|Any CPU.ActiveCfg = Debug|Any CPU
		{A78DDDDA-D12B-4594-8703-F133455B2F9B}.Debug|Any CPU.Build.0 = Debug|Any CPU
		{A78DDDDA-D12B-4594-8703-F133455B2F9B}.Debug|ARM.ActiveCfg = Debug|Any CPU
		{A78DDDDA-D12B-4594-8703-F133455B2F9B}.Debug|ARM.Build.0 = Debug|Any CPU
		{A78DDDDA-D12B-4594-8703-F133455B2F9B}.Debug|iPhone.ActiveCfg = Debug|Any CPU
		{A78DDDDA-D12B-4594-8703-F133455B2F9B}.Debug|iPhone.Build.0 = Debug|Any CPU
		{A78DDDDA-D12B-4594-8703-F133455B2F9B}.Debug|iPhoneSimulator.ActiveCfg = Debug|Any CPU
		{A78DDDDA-D12B-4594-8703-F133455B2F9B}.Debug|iPhoneSimulator.Build.0 = Debug|Any CPU
		{A78DDDDA-D12B-4594-8703-F133455B2F9B}.Debug|x64.ActiveCfg = Debug|Any CPU
		{A78DDDDA-D12B-4594-8703-F133455B2F9B}.Debug|x64.Build.0 = Debug|Any CPU
		{A78DDDDA-D12B-4594-8703-F133455B2F9B}.Debug|x86.ActiveCfg = Debug|Any CPU
		{A78DDDDA-D12B-4594-8703-F133455B2F9B}.Debug|x86.Build.0 = Debug|Any CPU
		{A78DDDDA-D12B-4594-8703-F133455B2F9B}.Release|Any CPU.ActiveCfg = Release|Any CPU
		{A78DDDDA-D12B-4594-8703-F133455B2F9B}.Release|Any CPU.Build.0 = Release|Any CPU
		{A78DDDDA-D12B-4594-8703-F133455B2F9B}.Release|ARM.ActiveCfg = Release|Any CPU
		{A78DDDDA-D12B-4594-8703-F133455B2F9B}.Release|ARM.Build.0 = Release|Any CPU
		{A78DDDDA-D12B-4594-8703-F133455B2F9B}.Release|iPhone.ActiveCfg = Release|Any CPU
		{A78DDDDA-D12B-4594-8703-F133455B2F9B}.Release|iPhone.Build.0 = Release|Any CPU
		{A78DDDDA-D12B-4594-8703-F133455B2F9B}.Release|iPhoneSimulator.ActiveCfg = Release|Any CPU
		{A78DDDDA-D12B-4594-8703-F133455B2F9B}.Release|iPhoneSimulator.Build.0 = Release|Any CPU
		{A78DDDDA-D12B-4594-8703-F133455B2F9B}.Release|x64.ActiveCfg = Release|Any CPU
		{A78DDDDA-D12B-4594-8703-F133455B2F9B}.Release|x64.Build.0 = Release|Any CPU
		{A78DDDDA-D12B-4594-8703-F133455B2F9B}.Release|x86.ActiveCfg = Release|Any CPU
		{A78DDDDA-D12B-4594-8703-F133455B2F9B}.Release|x86.Build.0 = Release|Any CPU
		{FEA1D3C0-C443-4022-ADF2-20945BF97BB9}.Ad-Hoc|Any CPU.ActiveCfg = Ad-Hoc|iPhone
		{FEA1D3C0-C443-4022-ADF2-20945BF97BB9}.Ad-Hoc|ARM.ActiveCfg = Ad-Hoc|iPhone
		{FEA1D3C0-C443-4022-ADF2-20945BF97BB9}.Ad-Hoc|iPhone.ActiveCfg = Ad-Hoc|iPhone
		{FEA1D3C0-C443-4022-ADF2-20945BF97BB9}.Ad-Hoc|iPhone.Build.0 = Ad-Hoc|iPhone
		{FEA1D3C0-C443-4022-ADF2-20945BF97BB9}.Ad-Hoc|iPhoneSimulator.ActiveCfg = Ad-Hoc|iPhoneSimulator
		{FEA1D3C0-C443-4022-ADF2-20945BF97BB9}.Ad-Hoc|iPhoneSimulator.Build.0 = Ad-Hoc|iPhoneSimulator
		{FEA1D3C0-C443-4022-ADF2-20945BF97BB9}.Ad-Hoc|x64.ActiveCfg = Ad-Hoc|iPhone
		{FEA1D3C0-C443-4022-ADF2-20945BF97BB9}.Ad-Hoc|x86.ActiveCfg = Ad-Hoc|iPhone
		{FEA1D3C0-C443-4022-ADF2-20945BF97BB9}.AppStore|Any CPU.ActiveCfg = AppStore|iPhone
		{FEA1D3C0-C443-4022-ADF2-20945BF97BB9}.AppStore|ARM.ActiveCfg = AppStore|iPhone
		{FEA1D3C0-C443-4022-ADF2-20945BF97BB9}.AppStore|iPhone.ActiveCfg = AppStore|iPhone
		{FEA1D3C0-C443-4022-ADF2-20945BF97BB9}.AppStore|iPhone.Build.0 = AppStore|iPhone
		{FEA1D3C0-C443-4022-ADF2-20945BF97BB9}.AppStore|iPhoneSimulator.ActiveCfg = AppStore|iPhoneSimulator
		{FEA1D3C0-C443-4022-ADF2-20945BF97BB9}.AppStore|iPhoneSimulator.Build.0 = AppStore|iPhoneSimulator
		{FEA1D3C0-C443-4022-ADF2-20945BF97BB9}.AppStore|x64.ActiveCfg = AppStore|iPhone
		{FEA1D3C0-C443-4022-ADF2-20945BF97BB9}.AppStore|x86.ActiveCfg = AppStore|iPhone
		{FEA1D3C0-C443-4022-ADF2-20945BF97BB9}.Debug|Any CPU.ActiveCfg = Debug|iPhone
		{FEA1D3C0-C443-4022-ADF2-20945BF97BB9}.Debug|ARM.ActiveCfg = Debug|iPhone
		{FEA1D3C0-C443-4022-ADF2-20945BF97BB9}.Debug|iPhone.ActiveCfg = Debug|iPhone
		{FEA1D3C0-C443-4022-ADF2-20945BF97BB9}.Debug|iPhone.Build.0 = Debug|iPhone
		{FEA1D3C0-C443-4022-ADF2-20945BF97BB9}.Debug|iPhoneSimulator.ActiveCfg = Debug|iPhoneSimulator
		{FEA1D3C0-C443-4022-ADF2-20945BF97BB9}.Debug|iPhoneSimulator.Build.0 = Debug|iPhoneSimulator
		{FEA1D3C0-C443-4022-ADF2-20945BF97BB9}.Debug|x64.ActiveCfg = Debug|iPhone
		{FEA1D3C0-C443-4022-ADF2-20945BF97BB9}.Debug|x86.ActiveCfg = Debug|iPhone
		{FEA1D3C0-C443-4022-ADF2-20945BF97BB9}.Release|Any CPU.ActiveCfg = Release|iPhone
		{FEA1D3C0-C443-4022-ADF2-20945BF97BB9}.Release|ARM.ActiveCfg = Release|iPhone
		{FEA1D3C0-C443-4022-ADF2-20945BF97BB9}.Release|iPhone.ActiveCfg = Release|iPhone
		{FEA1D3C0-C443-4022-ADF2-20945BF97BB9}.Release|iPhone.Build.0 = Release|iPhone
		{FEA1D3C0-C443-4022-ADF2-20945BF97BB9}.Release|iPhoneSimulator.ActiveCfg = Release|iPhoneSimulator
		{FEA1D3C0-C443-4022-ADF2-20945BF97BB9}.Release|iPhoneSimulator.Build.0 = Release|iPhoneSimulator
		{FEA1D3C0-C443-4022-ADF2-20945BF97BB9}.Release|x64.ActiveCfg = Release|iPhone
		{FEA1D3C0-C443-4022-ADF2-20945BF97BB9}.Release|x86.ActiveCfg = Release|iPhone
		{BD117F4D-01B9-4767-B176-58E7FF45EEC4}.Ad-Hoc|Any CPU.ActiveCfg = Release|x86
		{BD117F4D-01B9-4767-B176-58E7FF45EEC4}.Ad-Hoc|Any CPU.Build.0 = Release|x86
		{BD117F4D-01B9-4767-B176-58E7FF45EEC4}.Ad-Hoc|Any CPU.Deploy.0 = Release|x86
		{BD117F4D-01B9-4767-B176-58E7FF45EEC4}.Ad-Hoc|ARM.ActiveCfg = Release|ARM
		{BD117F4D-01B9-4767-B176-58E7FF45EEC4}.Ad-Hoc|ARM.Build.0 = Release|ARM
		{BD117F4D-01B9-4767-B176-58E7FF45EEC4}.Ad-Hoc|ARM.Deploy.0 = Release|ARM
		{BD117F4D-01B9-4767-B176-58E7FF45EEC4}.Ad-Hoc|iPhone.ActiveCfg = Release|x86
		{BD117F4D-01B9-4767-B176-58E7FF45EEC4}.Ad-Hoc|iPhone.Build.0 = Release|x86
		{BD117F4D-01B9-4767-B176-58E7FF45EEC4}.Ad-Hoc|iPhone.Deploy.0 = Release|x86
		{BD117F4D-01B9-4767-B176-58E7FF45EEC4}.Ad-Hoc|iPhoneSimulator.ActiveCfg = Release|x86
		{BD117F4D-01B9-4767-B176-58E7FF45EEC4}.Ad-Hoc|iPhoneSimulator.Build.0 = Release|x86
		{BD117F4D-01B9-4767-B176-58E7FF45EEC4}.Ad-Hoc|iPhoneSimulator.Deploy.0 = Release|x86
		{BD117F4D-01B9-4767-B176-58E7FF45EEC4}.Ad-Hoc|x64.ActiveCfg = Release|x64
		{BD117F4D-01B9-4767-B176-58E7FF45EEC4}.Ad-Hoc|x64.Build.0 = Release|x64
		{BD117F4D-01B9-4767-B176-58E7FF45EEC4}.Ad-Hoc|x64.Deploy.0 = Release|x64
		{BD117F4D-01B9-4767-B176-58E7FF45EEC4}.Ad-Hoc|x86.ActiveCfg = Release|x86
		{BD117F4D-01B9-4767-B176-58E7FF45EEC4}.Ad-Hoc|x86.Build.0 = Release|x86
		{BD117F4D-01B9-4767-B176-58E7FF45EEC4}.Ad-Hoc|x86.Deploy.0 = Release|x86
		{BD117F4D-01B9-4767-B176-58E7FF45EEC4}.AppStore|Any CPU.ActiveCfg = Release|x86
		{BD117F4D-01B9-4767-B176-58E7FF45EEC4}.AppStore|Any CPU.Build.0 = Release|x86
		{BD117F4D-01B9-4767-B176-58E7FF45EEC4}.AppStore|Any CPU.Deploy.0 = Release|x86
		{BD117F4D-01B9-4767-B176-58E7FF45EEC4}.AppStore|ARM.ActiveCfg = Release|ARM
		{BD117F4D-01B9-4767-B176-58E7FF45EEC4}.AppStore|ARM.Build.0 = Release|ARM
		{BD117F4D-01B9-4767-B176-58E7FF45EEC4}.AppStore|ARM.Deploy.0 = Release|ARM
		{BD117F4D-01B9-4767-B176-58E7FF45EEC4}.AppStore|iPhone.ActiveCfg = Release|x86
		{BD117F4D-01B9-4767-B176-58E7FF45EEC4}.AppStore|iPhone.Build.0 = Release|x86
		{BD117F4D-01B9-4767-B176-58E7FF45EEC4}.AppStore|iPhone.Deploy.0 = Release|x86
		{BD117F4D-01B9-4767-B176-58E7FF45EEC4}.AppStore|iPhoneSimulator.ActiveCfg = Release|x86
		{BD117F4D-01B9-4767-B176-58E7FF45EEC4}.AppStore|iPhoneSimulator.Build.0 = Release|x86
		{BD117F4D-01B9-4767-B176-58E7FF45EEC4}.AppStore|iPhoneSimulator.Deploy.0 = Release|x86
		{BD117F4D-01B9-4767-B176-58E7FF45EEC4}.AppStore|x64.ActiveCfg = Release|x64
		{BD117F4D-01B9-4767-B176-58E7FF45EEC4}.AppStore|x64.Build.0 = Release|x64
		{BD117F4D-01B9-4767-B176-58E7FF45EEC4}.AppStore|x64.Deploy.0 = Release|x64
		{BD117F4D-01B9-4767-B176-58E7FF45EEC4}.AppStore|x86.ActiveCfg = Release|x86
		{BD117F4D-01B9-4767-B176-58E7FF45EEC4}.AppStore|x86.Build.0 = Release|x86
		{BD117F4D-01B9-4767-B176-58E7FF45EEC4}.AppStore|x86.Deploy.0 = Release|x86
		{BD117F4D-01B9-4767-B176-58E7FF45EEC4}.Debug|Any CPU.ActiveCfg = Debug|x86
		{BD117F4D-01B9-4767-B176-58E7FF45EEC4}.Debug|ARM.ActiveCfg = Debug|ARM
		{BD117F4D-01B9-4767-B176-58E7FF45EEC4}.Debug|ARM.Build.0 = Debug|ARM
		{BD117F4D-01B9-4767-B176-58E7FF45EEC4}.Debug|ARM.Deploy.0 = Debug|ARM
		{BD117F4D-01B9-4767-B176-58E7FF45EEC4}.Debug|iPhone.ActiveCfg = Debug|x86
		{BD117F4D-01B9-4767-B176-58E7FF45EEC4}.Debug|iPhoneSimulator.ActiveCfg = Debug|x86
		{BD117F4D-01B9-4767-B176-58E7FF45EEC4}.Debug|x64.ActiveCfg = Debug|x64
		{BD117F4D-01B9-4767-B176-58E7FF45EEC4}.Debug|x64.Build.0 = Debug|x64
		{BD117F4D-01B9-4767-B176-58E7FF45EEC4}.Debug|x64.Deploy.0 = Debug|x64
		{BD117F4D-01B9-4767-B176-58E7FF45EEC4}.Debug|x86.ActiveCfg = Debug|x86
		{BD117F4D-01B9-4767-B176-58E7FF45EEC4}.Debug|x86.Build.0 = Debug|x86
		{BD117F4D-01B9-4767-B176-58E7FF45EEC4}.Debug|x86.Deploy.0 = Debug|x86
		{BD117F4D-01B9-4767-B176-58E7FF45EEC4}.Release|Any CPU.ActiveCfg = Release|x86
		{BD117F4D-01B9-4767-B176-58E7FF45EEC4}.Release|ARM.ActiveCfg = Release|ARM
		{BD117F4D-01B9-4767-B176-58E7FF45EEC4}.Release|ARM.Build.0 = Release|ARM
		{BD117F4D-01B9-4767-B176-58E7FF45EEC4}.Release|ARM.Deploy.0 = Release|ARM
		{BD117F4D-01B9-4767-B176-58E7FF45EEC4}.Release|iPhone.ActiveCfg = Release|x86
		{BD117F4D-01B9-4767-B176-58E7FF45EEC4}.Release|iPhoneSimulator.ActiveCfg = Release|x86
		{BD117F4D-01B9-4767-B176-58E7FF45EEC4}.Release|x64.ActiveCfg = Release|x64
		{BD117F4D-01B9-4767-B176-58E7FF45EEC4}.Release|x64.Build.0 = Release|x64
		{BD117F4D-01B9-4767-B176-58E7FF45EEC4}.Release|x64.Deploy.0 = Release|x64
		{BD117F4D-01B9-4767-B176-58E7FF45EEC4}.Release|x86.ActiveCfg = Release|x86
		{BD117F4D-01B9-4767-B176-58E7FF45EEC4}.Release|x86.Build.0 = Release|x86
		{BD117F4D-01B9-4767-B176-58E7FF45EEC4}.Release|x86.Deploy.0 = Release|x86
		{79B11A7A-808B-4CD1-BE2F-0061EB0E28FD}.Ad-Hoc|Any CPU.ActiveCfg = Release|Any CPU
		{79B11A7A-808B-4CD1-BE2F-0061EB0E28FD}.Ad-Hoc|Any CPU.Build.0 = Release|Any CPU
		{79B11A7A-808B-4CD1-BE2F-0061EB0E28FD}.Ad-Hoc|ARM.ActiveCfg = Release|Any CPU
		{79B11A7A-808B-4CD1-BE2F-0061EB0E28FD}.Ad-Hoc|ARM.Build.0 = Release|Any CPU
		{79B11A7A-808B-4CD1-BE2F-0061EB0E28FD}.Ad-Hoc|iPhone.ActiveCfg = Release|Any CPU
		{79B11A7A-808B-4CD1-BE2F-0061EB0E28FD}.Ad-Hoc|iPhone.Build.0 = Release|Any CPU
		{79B11A7A-808B-4CD1-BE2F-0061EB0E28FD}.Ad-Hoc|iPhoneSimulator.ActiveCfg = Release|Any CPU
		{79B11A7A-808B-4CD1-BE2F-0061EB0E28FD}.Ad-Hoc|iPhoneSimulator.Build.0 = Release|Any CPU
		{79B11A7A-808B-4CD1-BE2F-0061EB0E28FD}.Ad-Hoc|x64.ActiveCfg = Release|Any CPU
		{79B11A7A-808B-4CD1-BE2F-0061EB0E28FD}.Ad-Hoc|x64.Build.0 = Release|Any CPU
		{79B11A7A-808B-4CD1-BE2F-0061EB0E28FD}.Ad-Hoc|x86.ActiveCfg = Release|Any CPU
		{79B11A7A-808B-4CD1-BE2F-0061EB0E28FD}.Ad-Hoc|x86.Build.0 = Release|Any CPU
		{79B11A7A-808B-4CD1-BE2F-0061EB0E28FD}.AppStore|Any CPU.ActiveCfg = Release|Any CPU
		{79B11A7A-808B-4CD1-BE2F-0061EB0E28FD}.AppStore|Any CPU.Build.0 = Release|Any CPU
		{79B11A7A-808B-4CD1-BE2F-0061EB0E28FD}.AppStore|ARM.ActiveCfg = Release|Any CPU
		{79B11A7A-808B-4CD1-BE2F-0061EB0E28FD}.AppStore|ARM.Build.0 = Release|Any CPU
		{79B11A7A-808B-4CD1-BE2F-0061EB0E28FD}.AppStore|iPhone.ActiveCfg = Release|Any CPU
		{79B11A7A-808B-4CD1-BE2F-0061EB0E28FD}.AppStore|iPhone.Build.0 = Release|Any CPU
		{79B11A7A-808B-4CD1-BE2F-0061EB0E28FD}.AppStore|iPhoneSimulator.ActiveCfg = Release|Any CPU
		{79B11A7A-808B-4CD1-BE2F-0061EB0E28FD}.AppStore|iPhoneSimulator.Build.0 = Release|Any CPU
		{79B11A7A-808B-4CD1-BE2F-0061EB0E28FD}.AppStore|x64.ActiveCfg = Release|Any CPU
		{79B11A7A-808B-4CD1-BE2F-0061EB0E28FD}.AppStore|x64.Build.0 = Release|Any CPU
		{79B11A7A-808B-4CD1-BE2F-0061EB0E28FD}.AppStore|x86.ActiveCfg = Release|Any CPU
		{79B11A7A-808B-4CD1-BE2F-0061EB0E28FD}.AppStore|x86.Build.0 = Release|Any CPU
		{79B11A7A-808B-4CD1-BE2F-0061EB0E28FD}.Debug|Any CPU.ActiveCfg = Debug|Any CPU
		{79B11A7A-808B-4CD1-BE2F-0061EB0E28FD}.Debug|Any CPU.Build.0 = Debug|Any CPU
		{79B11A7A-808B-4CD1-BE2F-0061EB0E28FD}.Debug|ARM.ActiveCfg = Debug|Any CPU
		{79B11A7A-808B-4CD1-BE2F-0061EB0E28FD}.Debug|ARM.Build.0 = Debug|Any CPU
		{79B11A7A-808B-4CD1-BE2F-0061EB0E28FD}.Debug|iPhone.ActiveCfg = Debug|Any CPU
		{79B11A7A-808B-4CD1-BE2F-0061EB0E28FD}.Debug|iPhone.Build.0 = Debug|Any CPU
		{79B11A7A-808B-4CD1-BE2F-0061EB0E28FD}.Debug|iPhoneSimulator.ActiveCfg = Debug|Any CPU
		{79B11A7A-808B-4CD1-BE2F-0061EB0E28FD}.Debug|iPhoneSimulator.Build.0 = Debug|Any CPU
		{79B11A7A-808B-4CD1-BE2F-0061EB0E28FD}.Debug|x64.ActiveCfg = Debug|Any CPU
		{79B11A7A-808B-4CD1-BE2F-0061EB0E28FD}.Debug|x64.Build.0 = Debug|Any CPU
		{79B11A7A-808B-4CD1-BE2F-0061EB0E28FD}.Debug|x86.ActiveCfg = Debug|Any CPU
		{79B11A7A-808B-4CD1-BE2F-0061EB0E28FD}.Debug|x86.Build.0 = Debug|Any CPU
		{79B11A7A-808B-4CD1-BE2F-0061EB0E28FD}.Release|Any CPU.ActiveCfg = Release|Any CPU
		{79B11A7A-808B-4CD1-BE2F-0061EB0E28FD}.Release|Any CPU.Build.0 = Release|Any CPU
		{79B11A7A-808B-4CD1-BE2F-0061EB0E28FD}.Release|ARM.ActiveCfg = Release|Any CPU
		{79B11A7A-808B-4CD1-BE2F-0061EB0E28FD}.Release|ARM.Build.0 = Release|Any CPU
		{79B11A7A-808B-4CD1-BE2F-0061EB0E28FD}.Release|iPhone.ActiveCfg = Release|Any CPU
		{79B11A7A-808B-4CD1-BE2F-0061EB0E28FD}.Release|iPhone.Build.0 = Release|Any CPU
		{79B11A7A-808B-4CD1-BE2F-0061EB0E28FD}.Release|iPhoneSimulator.ActiveCfg = Release|Any CPU
		{79B11A7A-808B-4CD1-BE2F-0061EB0E28FD}.Release|iPhoneSimulator.Build.0 = Release|Any CPU
		{79B11A7A-808B-4CD1-BE2F-0061EB0E28FD}.Release|x64.ActiveCfg = Release|Any CPU
		{79B11A7A-808B-4CD1-BE2F-0061EB0E28FD}.Release|x64.Build.0 = Release|Any CPU
		{79B11A7A-808B-4CD1-BE2F-0061EB0E28FD}.Release|x86.ActiveCfg = Release|Any CPU
		{79B11A7A-808B-4CD1-BE2F-0061EB0E28FD}.Release|x86.Build.0 = Release|Any CPU
		{56578448-8002-4221-947A-9E5EE6CB410C}.Ad-Hoc|Any CPU.ActiveCfg = Release|Any CPU
		{56578448-8002-4221-947A-9E5EE6CB410C}.Ad-Hoc|Any CPU.Build.0 = Release|Any CPU
		{56578448-8002-4221-947A-9E5EE6CB410C}.Ad-Hoc|ARM.ActiveCfg = Release|Any CPU
		{56578448-8002-4221-947A-9E5EE6CB410C}.Ad-Hoc|ARM.Build.0 = Release|Any CPU
		{56578448-8002-4221-947A-9E5EE6CB410C}.Ad-Hoc|iPhone.ActiveCfg = Release|Any CPU
		{56578448-8002-4221-947A-9E5EE6CB410C}.Ad-Hoc|iPhone.Build.0 = Release|Any CPU
		{56578448-8002-4221-947A-9E5EE6CB410C}.Ad-Hoc|iPhoneSimulator.ActiveCfg = Release|Any CPU
		{56578448-8002-4221-947A-9E5EE6CB410C}.Ad-Hoc|iPhoneSimulator.Build.0 = Release|Any CPU
		{56578448-8002-4221-947A-9E5EE6CB410C}.Ad-Hoc|x64.ActiveCfg = Release|Any CPU
		{56578448-8002-4221-947A-9E5EE6CB410C}.Ad-Hoc|x64.Build.0 = Release|Any CPU
		{56578448-8002-4221-947A-9E5EE6CB410C}.Ad-Hoc|x86.ActiveCfg = Release|Any CPU
		{56578448-8002-4221-947A-9E5EE6CB410C}.Ad-Hoc|x86.Build.0 = Release|Any CPU
		{56578448-8002-4221-947A-9E5EE6CB410C}.AppStore|Any CPU.ActiveCfg = Release|Any CPU
		{56578448-8002-4221-947A-9E5EE6CB410C}.AppStore|Any CPU.Build.0 = Release|Any CPU
		{56578448-8002-4221-947A-9E5EE6CB410C}.AppStore|ARM.ActiveCfg = Release|Any CPU
		{56578448-8002-4221-947A-9E5EE6CB410C}.AppStore|ARM.Build.0 = Release|Any CPU
		{56578448-8002-4221-947A-9E5EE6CB410C}.AppStore|iPhone.ActiveCfg = Release|Any CPU
		{56578448-8002-4221-947A-9E5EE6CB410C}.AppStore|iPhone.Build.0 = Release|Any CPU
		{56578448-8002-4221-947A-9E5EE6CB410C}.AppStore|iPhoneSimulator.ActiveCfg = Release|Any CPU
		{56578448-8002-4221-947A-9E5EE6CB410C}.AppStore|iPhoneSimulator.Build.0 = Release|Any CPU
		{56578448-8002-4221-947A-9E5EE6CB410C}.AppStore|x64.ActiveCfg = Release|Any CPU
		{56578448-8002-4221-947A-9E5EE6CB410C}.AppStore|x64.Build.0 = Release|Any CPU
		{56578448-8002-4221-947A-9E5EE6CB410C}.AppStore|x86.ActiveCfg = Release|Any CPU
		{56578448-8002-4221-947A-9E5EE6CB410C}.AppStore|x86.Build.0 = Release|Any CPU
		{56578448-8002-4221-947A-9E5EE6CB410C}.Debug|Any CPU.ActiveCfg = Debug|Any CPU
		{56578448-8002-4221-947A-9E5EE6CB410C}.Debug|Any CPU.Build.0 = Debug|Any CPU
		{56578448-8002-4221-947A-9E5EE6CB410C}.Debug|ARM.ActiveCfg = Debug|Any CPU
		{56578448-8002-4221-947A-9E5EE6CB410C}.Debug|ARM.Build.0 = Debug|Any CPU
		{56578448-8002-4221-947A-9E5EE6CB410C}.Debug|iPhone.ActiveCfg = Debug|Any CPU
		{56578448-8002-4221-947A-9E5EE6CB410C}.Debug|iPhone.Build.0 = Debug|Any CPU
		{56578448-8002-4221-947A-9E5EE6CB410C}.Debug|iPhoneSimulator.ActiveCfg = Debug|Any CPU
		{56578448-8002-4221-947A-9E5EE6CB410C}.Debug|iPhoneSimulator.Build.0 = Debug|Any CPU
		{56578448-8002-4221-947A-9E5EE6CB410C}.Debug|x64.ActiveCfg = Debug|Any CPU
		{56578448-8002-4221-947A-9E5EE6CB410C}.Debug|x64.Build.0 = Debug|Any CPU
		{56578448-8002-4221-947A-9E5EE6CB410C}.Debug|x86.ActiveCfg = Debug|Any CPU
		{56578448-8002-4221-947A-9E5EE6CB410C}.Debug|x86.Build.0 = Debug|Any CPU
		{56578448-8002-4221-947A-9E5EE6CB410C}.Release|Any CPU.ActiveCfg = Release|Any CPU
		{56578448-8002-4221-947A-9E5EE6CB410C}.Release|Any CPU.Build.0 = Release|Any CPU
		{56578448-8002-4221-947A-9E5EE6CB410C}.Release|ARM.ActiveCfg = Release|Any CPU
		{56578448-8002-4221-947A-9E5EE6CB410C}.Release|ARM.Build.0 = Release|Any CPU
		{56578448-8002-4221-947A-9E5EE6CB410C}.Release|iPhone.ActiveCfg = Release|Any CPU
		{56578448-8002-4221-947A-9E5EE6CB410C}.Release|iPhone.Build.0 = Release|Any CPU
		{56578448-8002-4221-947A-9E5EE6CB410C}.Release|iPhoneSimulator.ActiveCfg = Release|Any CPU
		{56578448-8002-4221-947A-9E5EE6CB410C}.Release|iPhoneSimulator.Build.0 = Release|Any CPU
		{56578448-8002-4221-947A-9E5EE6CB410C}.Release|x64.ActiveCfg = Release|Any CPU
		{56578448-8002-4221-947A-9E5EE6CB410C}.Release|x64.Build.0 = Release|Any CPU
		{56578448-8002-4221-947A-9E5EE6CB410C}.Release|x86.ActiveCfg = Release|Any CPU
		{56578448-8002-4221-947A-9E5EE6CB410C}.Release|x86.Build.0 = Release|Any CPU
		{89CD4913-0A36-45E4-B99D-43385D7E2E45}.Ad-Hoc|Any CPU.ActiveCfg = Release|Any CPU
		{89CD4913-0A36-45E4-B99D-43385D7E2E45}.Ad-Hoc|Any CPU.Build.0 = Release|Any CPU
		{89CD4913-0A36-45E4-B99D-43385D7E2E45}.Ad-Hoc|ARM.ActiveCfg = Release|Any CPU
		{89CD4913-0A36-45E4-B99D-43385D7E2E45}.Ad-Hoc|ARM.Build.0 = Release|Any CPU
		{89CD4913-0A36-45E4-B99D-43385D7E2E45}.Ad-Hoc|iPhone.ActiveCfg = Release|Any CPU
		{89CD4913-0A36-45E4-B99D-43385D7E2E45}.Ad-Hoc|iPhone.Build.0 = Release|Any CPU
		{89CD4913-0A36-45E4-B99D-43385D7E2E45}.Ad-Hoc|iPhoneSimulator.ActiveCfg = Release|Any CPU
		{89CD4913-0A36-45E4-B99D-43385D7E2E45}.Ad-Hoc|iPhoneSimulator.Build.0 = Release|Any CPU
		{89CD4913-0A36-45E4-B99D-43385D7E2E45}.Ad-Hoc|x64.ActiveCfg = Release|Any CPU
		{89CD4913-0A36-45E4-B99D-43385D7E2E45}.Ad-Hoc|x64.Build.0 = Release|Any CPU
		{89CD4913-0A36-45E4-B99D-43385D7E2E45}.Ad-Hoc|x86.ActiveCfg = Release|Any CPU
		{89CD4913-0A36-45E4-B99D-43385D7E2E45}.Ad-Hoc|x86.Build.0 = Release|Any CPU
		{89CD4913-0A36-45E4-B99D-43385D7E2E45}.AppStore|Any CPU.ActiveCfg = Release|Any CPU
		{89CD4913-0A36-45E4-B99D-43385D7E2E45}.AppStore|Any CPU.Build.0 = Release|Any CPU
		{89CD4913-0A36-45E4-B99D-43385D7E2E45}.AppStore|ARM.ActiveCfg = Release|Any CPU
		{89CD4913-0A36-45E4-B99D-43385D7E2E45}.AppStore|ARM.Build.0 = Release|Any CPU
		{89CD4913-0A36-45E4-B99D-43385D7E2E45}.AppStore|iPhone.ActiveCfg = Release|Any CPU
		{89CD4913-0A36-45E4-B99D-43385D7E2E45}.AppStore|iPhone.Build.0 = Release|Any CPU
		{89CD4913-0A36-45E4-B99D-43385D7E2E45}.AppStore|iPhoneSimulator.ActiveCfg = Release|Any CPU
		{89CD4913-0A36-45E4-B99D-43385D7E2E45}.AppStore|iPhoneSimulator.Build.0 = Release|Any CPU
		{89CD4913-0A36-45E4-B99D-43385D7E2E45}.AppStore|x64.ActiveCfg = Release|Any CPU
		{89CD4913-0A36-45E4-B99D-43385D7E2E45}.AppStore|x64.Build.0 = Release|Any CPU
		{89CD4913-0A36-45E4-B99D-43385D7E2E45}.AppStore|x86.ActiveCfg = Release|Any CPU
		{89CD4913-0A36-45E4-B99D-43385D7E2E45}.AppStore|x86.Build.0 = Release|Any CPU
		{89CD4913-0A36-45E4-B99D-43385D7E2E45}.Debug|Any CPU.ActiveCfg = Debug|Any CPU
		{89CD4913-0A36-45E4-B99D-43385D7E2E45}.Debug|Any CPU.Build.0 = Debug|Any CPU
		{89CD4913-0A36-45E4-B99D-43385D7E2E45}.Debug|Any CPU.Deploy.0 = Debug|Any CPU
		{89CD4913-0A36-45E4-B99D-43385D7E2E45}.Debug|ARM.ActiveCfg = Debug|Any CPU
		{89CD4913-0A36-45E4-B99D-43385D7E2E45}.Debug|ARM.Build.0 = Debug|Any CPU
		{89CD4913-0A36-45E4-B99D-43385D7E2E45}.Debug|iPhone.ActiveCfg = Debug|Any CPU
		{89CD4913-0A36-45E4-B99D-43385D7E2E45}.Debug|iPhone.Build.0 = Debug|Any CPU
		{89CD4913-0A36-45E4-B99D-43385D7E2E45}.Debug|iPhoneSimulator.ActiveCfg = Debug|Any CPU
		{89CD4913-0A36-45E4-B99D-43385D7E2E45}.Debug|iPhoneSimulator.Build.0 = Debug|Any CPU
		{89CD4913-0A36-45E4-B99D-43385D7E2E45}.Debug|x64.ActiveCfg = Debug|Any CPU
		{89CD4913-0A36-45E4-B99D-43385D7E2E45}.Debug|x64.Build.0 = Debug|Any CPU
		{89CD4913-0A36-45E4-B99D-43385D7E2E45}.Debug|x86.ActiveCfg = Debug|Any CPU
		{89CD4913-0A36-45E4-B99D-43385D7E2E45}.Debug|x86.Build.0 = Debug|Any CPU
		{89CD4913-0A36-45E4-B99D-43385D7E2E45}.Release|Any CPU.ActiveCfg = Release|Any CPU
		{89CD4913-0A36-45E4-B99D-43385D7E2E45}.Release|Any CPU.Build.0 = Release|Any CPU
		{89CD4913-0A36-45E4-B99D-43385D7E2E45}.Release|Any CPU.Deploy.0 = Release|Any CPU
		{89CD4913-0A36-45E4-B99D-43385D7E2E45}.Release|ARM.ActiveCfg = Release|Any CPU
		{89CD4913-0A36-45E4-B99D-43385D7E2E45}.Release|ARM.Build.0 = Release|Any CPU
		{89CD4913-0A36-45E4-B99D-43385D7E2E45}.Release|iPhone.ActiveCfg = Release|Any CPU
		{89CD4913-0A36-45E4-B99D-43385D7E2E45}.Release|iPhone.Build.0 = Release|Any CPU
		{89CD4913-0A36-45E4-B99D-43385D7E2E45}.Release|iPhoneSimulator.ActiveCfg = Release|Any CPU
		{89CD4913-0A36-45E4-B99D-43385D7E2E45}.Release|iPhoneSimulator.Build.0 = Release|Any CPU
		{89CD4913-0A36-45E4-B99D-43385D7E2E45}.Release|x64.ActiveCfg = Release|Any CPU
		{89CD4913-0A36-45E4-B99D-43385D7E2E45}.Release|x64.Build.0 = Release|Any CPU
		{89CD4913-0A36-45E4-B99D-43385D7E2E45}.Release|x86.ActiveCfg = Release|Any CPU
		{89CD4913-0A36-45E4-B99D-43385D7E2E45}.Release|x86.Build.0 = Release|Any CPU
		{E23D5217-6D48-448A-AFD3-ACC9E789F4F7}.Ad-Hoc|Any CPU.ActiveCfg = Release|Any CPU
		{E23D5217-6D48-448A-AFD3-ACC9E789F4F7}.Ad-Hoc|Any CPU.Build.0 = Release|Any CPU
		{E23D5217-6D48-448A-AFD3-ACC9E789F4F7}.Ad-Hoc|ARM.ActiveCfg = Release|Any CPU
		{E23D5217-6D48-448A-AFD3-ACC9E789F4F7}.Ad-Hoc|ARM.Build.0 = Release|Any CPU
		{E23D5217-6D48-448A-AFD3-ACC9E789F4F7}.Ad-Hoc|iPhone.ActiveCfg = Release|Any CPU
		{E23D5217-6D48-448A-AFD3-ACC9E789F4F7}.Ad-Hoc|iPhone.Build.0 = Release|Any CPU
		{E23D5217-6D48-448A-AFD3-ACC9E789F4F7}.Ad-Hoc|iPhoneSimulator.ActiveCfg = Release|Any CPU
		{E23D5217-6D48-448A-AFD3-ACC9E789F4F7}.Ad-Hoc|iPhoneSimulator.Build.0 = Release|Any CPU
		{E23D5217-6D48-448A-AFD3-ACC9E789F4F7}.Ad-Hoc|x64.ActiveCfg = Release|Any CPU
		{E23D5217-6D48-448A-AFD3-ACC9E789F4F7}.Ad-Hoc|x64.Build.0 = Release|Any CPU
		{E23D5217-6D48-448A-AFD3-ACC9E789F4F7}.Ad-Hoc|x86.ActiveCfg = Release|Any CPU
		{E23D5217-6D48-448A-AFD3-ACC9E789F4F7}.Ad-Hoc|x86.Build.0 = Release|Any CPU
		{E23D5217-6D48-448A-AFD3-ACC9E789F4F7}.AppStore|Any CPU.ActiveCfg = Release|Any CPU
		{E23D5217-6D48-448A-AFD3-ACC9E789F4F7}.AppStore|Any CPU.Build.0 = Release|Any CPU
		{E23D5217-6D48-448A-AFD3-ACC9E789F4F7}.AppStore|ARM.ActiveCfg = Release|Any CPU
		{E23D5217-6D48-448A-AFD3-ACC9E789F4F7}.AppStore|ARM.Build.0 = Release|Any CPU
		{E23D5217-6D48-448A-AFD3-ACC9E789F4F7}.AppStore|iPhone.ActiveCfg = Release|Any CPU
		{E23D5217-6D48-448A-AFD3-ACC9E789F4F7}.AppStore|iPhone.Build.0 = Release|Any CPU
		{E23D5217-6D48-448A-AFD3-ACC9E789F4F7}.AppStore|iPhoneSimulator.ActiveCfg = Release|Any CPU
		{E23D5217-6D48-448A-AFD3-ACC9E789F4F7}.AppStore|iPhoneSimulator.Build.0 = Release|Any CPU
		{E23D5217-6D48-448A-AFD3-ACC9E789F4F7}.AppStore|x64.ActiveCfg = Release|Any CPU
		{E23D5217-6D48-448A-AFD3-ACC9E789F4F7}.AppStore|x64.Build.0 = Release|Any CPU
		{E23D5217-6D48-448A-AFD3-ACC9E789F4F7}.AppStore|x86.ActiveCfg = Release|Any CPU
		{E23D5217-6D48-448A-AFD3-ACC9E789F4F7}.AppStore|x86.Build.0 = Release|Any CPU
		{E23D5217-6D48-448A-AFD3-ACC9E789F4F7}.Debug|Any CPU.ActiveCfg = Debug|Any CPU
		{E23D5217-6D48-448A-AFD3-ACC9E789F4F7}.Debug|Any CPU.Build.0 = Debug|Any CPU
		{E23D5217-6D48-448A-AFD3-ACC9E789F4F7}.Debug|ARM.ActiveCfg = Debug|Any CPU
		{E23D5217-6D48-448A-AFD3-ACC9E789F4F7}.Debug|ARM.Build.0 = Debug|Any CPU
		{E23D5217-6D48-448A-AFD3-ACC9E789F4F7}.Debug|iPhone.ActiveCfg = Debug|Any CPU
		{E23D5217-6D48-448A-AFD3-ACC9E789F4F7}.Debug|iPhone.Build.0 = Debug|Any CPU
		{E23D5217-6D48-448A-AFD3-ACC9E789F4F7}.Debug|iPhoneSimulator.ActiveCfg = Debug|Any CPU
		{E23D5217-6D48-448A-AFD3-ACC9E789F4F7}.Debug|iPhoneSimulator.Build.0 = Debug|Any CPU
		{E23D5217-6D48-448A-AFD3-ACC9E789F4F7}.Debug|x64.ActiveCfg = Debug|Any CPU
		{E23D5217-6D48-448A-AFD3-ACC9E789F4F7}.Debug|x64.Build.0 = Debug|Any CPU
		{E23D5217-6D48-448A-AFD3-ACC9E789F4F7}.Debug|x86.ActiveCfg = Debug|Any CPU
		{E23D5217-6D48-448A-AFD3-ACC9E789F4F7}.Debug|x86.Build.0 = Debug|Any CPU
		{E23D5217-6D48-448A-AFD3-ACC9E789F4F7}.Release|Any CPU.ActiveCfg = Release|Any CPU
		{E23D5217-6D48-448A-AFD3-ACC9E789F4F7}.Release|Any CPU.Build.0 = Release|Any CPU
		{E23D5217-6D48-448A-AFD3-ACC9E789F4F7}.Release|ARM.ActiveCfg = Release|Any CPU
		{E23D5217-6D48-448A-AFD3-ACC9E789F4F7}.Release|ARM.Build.0 = Release|Any CPU
		{E23D5217-6D48-448A-AFD3-ACC9E789F4F7}.Release|iPhone.ActiveCfg = Release|Any CPU
		{E23D5217-6D48-448A-AFD3-ACC9E789F4F7}.Release|iPhone.Build.0 = Release|Any CPU
		{E23D5217-6D48-448A-AFD3-ACC9E789F4F7}.Release|iPhoneSimulator.ActiveCfg = Release|Any CPU
		{E23D5217-6D48-448A-AFD3-ACC9E789F4F7}.Release|iPhoneSimulator.Build.0 = Release|Any CPU
		{E23D5217-6D48-448A-AFD3-ACC9E789F4F7}.Release|x64.ActiveCfg = Release|Any CPU
		{E23D5217-6D48-448A-AFD3-ACC9E789F4F7}.Release|x64.Build.0 = Release|Any CPU
		{E23D5217-6D48-448A-AFD3-ACC9E789F4F7}.Release|x86.ActiveCfg = Release|Any CPU
		{E23D5217-6D48-448A-AFD3-ACC9E789F4F7}.Release|x86.Build.0 = Release|Any CPU
		{75D2BC4C-504F-4AF2-8BEA-B6DC94EEA114}.Ad-Hoc|Any CPU.ActiveCfg = Release|x64
		{75D2BC4C-504F-4AF2-8BEA-B6DC94EEA114}.Ad-Hoc|Any CPU.Build.0 = Release|x64
		{75D2BC4C-504F-4AF2-8BEA-B6DC94EEA114}.Ad-Hoc|Any CPU.Deploy.0 = Release|x64
		{75D2BC4C-504F-4AF2-8BEA-B6DC94EEA114}.Ad-Hoc|ARM.ActiveCfg = Release|ARM
		{75D2BC4C-504F-4AF2-8BEA-B6DC94EEA114}.Ad-Hoc|ARM.Build.0 = Release|ARM
		{75D2BC4C-504F-4AF2-8BEA-B6DC94EEA114}.Ad-Hoc|ARM.Deploy.0 = Release|ARM
		{75D2BC4C-504F-4AF2-8BEA-B6DC94EEA114}.Ad-Hoc|ARM64.ActiveCfg = Release|ARM64
		{75D2BC4C-504F-4AF2-8BEA-B6DC94EEA114}.Ad-Hoc|ARM64.Build.0 = Release|ARM64
		{75D2BC4C-504F-4AF2-8BEA-B6DC94EEA114}.Ad-Hoc|ARM64.Deploy.0 = Release|ARM64
		{75D2BC4C-504F-4AF2-8BEA-B6DC94EEA114}.Ad-Hoc|iPhone.ActiveCfg = Release|x64
		{75D2BC4C-504F-4AF2-8BEA-B6DC94EEA114}.Ad-Hoc|iPhone.Build.0 = Release|x64
		{75D2BC4C-504F-4AF2-8BEA-B6DC94EEA114}.Ad-Hoc|iPhone.Deploy.0 = Release|x64
		{75D2BC4C-504F-4AF2-8BEA-B6DC94EEA114}.Ad-Hoc|iPhoneSimulator.ActiveCfg = Release|x64
		{75D2BC4C-504F-4AF2-8BEA-B6DC94EEA114}.Ad-Hoc|iPhoneSimulator.Build.0 = Release|x64
		{75D2BC4C-504F-4AF2-8BEA-B6DC94EEA114}.Ad-Hoc|iPhoneSimulator.Deploy.0 = Release|x64
		{75D2BC4C-504F-4AF2-8BEA-B6DC94EEA114}.Ad-Hoc|x64.ActiveCfg = Release|x64
		{75D2BC4C-504F-4AF2-8BEA-B6DC94EEA114}.Ad-Hoc|x64.Build.0 = Release|x64
		{75D2BC4C-504F-4AF2-8BEA-B6DC94EEA114}.Ad-Hoc|x64.Deploy.0 = Release|x64
		{75D2BC4C-504F-4AF2-8BEA-B6DC94EEA114}.Ad-Hoc|x86.ActiveCfg = Release|x86
		{75D2BC4C-504F-4AF2-8BEA-B6DC94EEA114}.Ad-Hoc|x86.Build.0 = Release|x86
		{75D2BC4C-504F-4AF2-8BEA-B6DC94EEA114}.Ad-Hoc|x86.Deploy.0 = Release|x86
		{75D2BC4C-504F-4AF2-8BEA-B6DC94EEA114}.AppStore|Any CPU.ActiveCfg = Release|x64
		{75D2BC4C-504F-4AF2-8BEA-B6DC94EEA114}.AppStore|Any CPU.Build.0 = Release|x64
		{75D2BC4C-504F-4AF2-8BEA-B6DC94EEA114}.AppStore|Any CPU.Deploy.0 = Release|x64
		{75D2BC4C-504F-4AF2-8BEA-B6DC94EEA114}.AppStore|ARM.ActiveCfg = Release|ARM
		{75D2BC4C-504F-4AF2-8BEA-B6DC94EEA114}.AppStore|ARM.Build.0 = Release|ARM
		{75D2BC4C-504F-4AF2-8BEA-B6DC94EEA114}.AppStore|ARM.Deploy.0 = Release|ARM
		{75D2BC4C-504F-4AF2-8BEA-B6DC94EEA114}.AppStore|ARM64.ActiveCfg = Release|ARM64
		{75D2BC4C-504F-4AF2-8BEA-B6DC94EEA114}.AppStore|ARM64.Build.0 = Release|ARM64
		{75D2BC4C-504F-4AF2-8BEA-B6DC94EEA114}.AppStore|ARM64.Deploy.0 = Release|ARM64
		{75D2BC4C-504F-4AF2-8BEA-B6DC94EEA114}.AppStore|iPhone.ActiveCfg = Release|x64
		{75D2BC4C-504F-4AF2-8BEA-B6DC94EEA114}.AppStore|iPhone.Build.0 = Release|x64
		{75D2BC4C-504F-4AF2-8BEA-B6DC94EEA114}.AppStore|iPhone.Deploy.0 = Release|x64
		{75D2BC4C-504F-4AF2-8BEA-B6DC94EEA114}.AppStore|iPhoneSimulator.ActiveCfg = Release|x64
		{75D2BC4C-504F-4AF2-8BEA-B6DC94EEA114}.AppStore|iPhoneSimulator.Build.0 = Release|x64
		{75D2BC4C-504F-4AF2-8BEA-B6DC94EEA114}.AppStore|iPhoneSimulator.Deploy.0 = Release|x64
		{75D2BC4C-504F-4AF2-8BEA-B6DC94EEA114}.AppStore|x64.ActiveCfg = Release|x64
		{75D2BC4C-504F-4AF2-8BEA-B6DC94EEA114}.AppStore|x64.Build.0 = Release|x64
		{75D2BC4C-504F-4AF2-8BEA-B6DC94EEA114}.AppStore|x64.Deploy.0 = Release|x64
		{75D2BC4C-504F-4AF2-8BEA-B6DC94EEA114}.AppStore|x86.ActiveCfg = Release|x86
		{75D2BC4C-504F-4AF2-8BEA-B6DC94EEA114}.AppStore|x86.Build.0 = Release|x86
		{75D2BC4C-504F-4AF2-8BEA-B6DC94EEA114}.AppStore|x86.Deploy.0 = Release|x86
		{75D2BC4C-504F-4AF2-8BEA-B6DC94EEA114}.Debug|Any CPU.ActiveCfg = Debug|x86
		{75D2BC4C-504F-4AF2-8BEA-B6DC94EEA114}.Debug|ARM.ActiveCfg = Debug|ARM
		{75D2BC4C-504F-4AF2-8BEA-B6DC94EEA114}.Debug|ARM.Build.0 = Debug|ARM
		{75D2BC4C-504F-4AF2-8BEA-B6DC94EEA114}.Debug|ARM.Deploy.0 = Debug|ARM
		{75D2BC4C-504F-4AF2-8BEA-B6DC94EEA114}.Debug|ARM64.ActiveCfg = Debug|ARM64
		{75D2BC4C-504F-4AF2-8BEA-B6DC94EEA114}.Debug|ARM64.Build.0 = Debug|ARM64
		{75D2BC4C-504F-4AF2-8BEA-B6DC94EEA114}.Debug|ARM64.Deploy.0 = Debug|ARM64
		{75D2BC4C-504F-4AF2-8BEA-B6DC94EEA114}.Debug|iPhone.ActiveCfg = Debug|x86
		{75D2BC4C-504F-4AF2-8BEA-B6DC94EEA114}.Debug|iPhoneSimulator.ActiveCfg = Debug|x86
		{75D2BC4C-504F-4AF2-8BEA-B6DC94EEA114}.Debug|x64.ActiveCfg = Debug|x64
		{75D2BC4C-504F-4AF2-8BEA-B6DC94EEA114}.Debug|x64.Build.0 = Debug|x64
		{75D2BC4C-504F-4AF2-8BEA-B6DC94EEA114}.Debug|x64.Deploy.0 = Debug|x64
		{75D2BC4C-504F-4AF2-8BEA-B6DC94EEA114}.Debug|x86.ActiveCfg = Debug|x86
		{75D2BC4C-504F-4AF2-8BEA-B6DC94EEA114}.Debug|x86.Build.0 = Debug|x86
		{75D2BC4C-504F-4AF2-8BEA-B6DC94EEA114}.Debug|x86.Deploy.0 = Debug|x86
		{75D2BC4C-504F-4AF2-8BEA-B6DC94EEA114}.Release|Any CPU.ActiveCfg = Release|x86
		{75D2BC4C-504F-4AF2-8BEA-B6DC94EEA114}.Release|ARM.ActiveCfg = Release|ARM
		{75D2BC4C-504F-4AF2-8BEA-B6DC94EEA114}.Release|ARM.Build.0 = Release|ARM
		{75D2BC4C-504F-4AF2-8BEA-B6DC94EEA114}.Release|ARM.Deploy.0 = Release|ARM
		{75D2BC4C-504F-4AF2-8BEA-B6DC94EEA114}.Release|ARM64.ActiveCfg = Release|ARM64
		{75D2BC4C-504F-4AF2-8BEA-B6DC94EEA114}.Release|ARM64.Build.0 = Release|ARM64
		{75D2BC4C-504F-4AF2-8BEA-B6DC94EEA114}.Release|ARM64.Deploy.0 = Release|ARM64
		{75D2BC4C-504F-4AF2-8BEA-B6DC94EEA114}.Release|iPhone.ActiveCfg = Release|x86
		{75D2BC4C-504F-4AF2-8BEA-B6DC94EEA114}.Release|iPhoneSimulator.ActiveCfg = Release|x86
		{75D2BC4C-504F-4AF2-8BEA-B6DC94EEA114}.Release|x64.ActiveCfg = Release|x64
		{75D2BC4C-504F-4AF2-8BEA-B6DC94EEA114}.Release|x64.Build.0 = Release|x64
		{75D2BC4C-504F-4AF2-8BEA-B6DC94EEA114}.Release|x64.Deploy.0 = Release|x64
		{75D2BC4C-504F-4AF2-8BEA-B6DC94EEA114}.Release|x86.ActiveCfg = Release|x86
		{75D2BC4C-504F-4AF2-8BEA-B6DC94EEA114}.Release|x86.Build.0 = Release|x86
		{75D2BC4C-504F-4AF2-8BEA-B6DC94EEA114}.Release|x86.Deploy.0 = Release|x86
		{2CBF15DB-6739-4AB0-9887-082EE04C64D7}.Ad-Hoc|Any CPU.ActiveCfg = Debug|Any CPU
		{2CBF15DB-6739-4AB0-9887-082EE04C64D7}.Ad-Hoc|Any CPU.Build.0 = Debug|Any CPU
		{2CBF15DB-6739-4AB0-9887-082EE04C64D7}.Ad-Hoc|ARM.ActiveCfg = Debug|Any CPU
		{2CBF15DB-6739-4AB0-9887-082EE04C64D7}.Ad-Hoc|ARM.Build.0 = Debug|Any CPU
		{2CBF15DB-6739-4AB0-9887-082EE04C64D7}.Ad-Hoc|iPhone.ActiveCfg = Debug|Any CPU
		{2CBF15DB-6739-4AB0-9887-082EE04C64D7}.Ad-Hoc|iPhone.Build.0 = Debug|Any CPU
		{2CBF15DB-6739-4AB0-9887-082EE04C64D7}.Ad-Hoc|iPhoneSimulator.ActiveCfg = Debug|Any CPU
		{2CBF15DB-6739-4AB0-9887-082EE04C64D7}.Ad-Hoc|iPhoneSimulator.Build.0 = Debug|Any CPU
		{2CBF15DB-6739-4AB0-9887-082EE04C64D7}.Ad-Hoc|x64.ActiveCfg = Debug|Any CPU
		{2CBF15DB-6739-4AB0-9887-082EE04C64D7}.Ad-Hoc|x64.Build.0 = Debug|Any CPU
		{2CBF15DB-6739-4AB0-9887-082EE04C64D7}.Ad-Hoc|x86.ActiveCfg = Debug|Any CPU
		{2CBF15DB-6739-4AB0-9887-082EE04C64D7}.Ad-Hoc|x86.Build.0 = Debug|Any CPU
		{2CBF15DB-6739-4AB0-9887-082EE04C64D7}.AppStore|Any CPU.ActiveCfg = Debug|Any CPU
		{2CBF15DB-6739-4AB0-9887-082EE04C64D7}.AppStore|Any CPU.Build.0 = Debug|Any CPU
		{2CBF15DB-6739-4AB0-9887-082EE04C64D7}.AppStore|ARM.ActiveCfg = Debug|Any CPU
		{2CBF15DB-6739-4AB0-9887-082EE04C64D7}.AppStore|ARM.Build.0 = Debug|Any CPU
		{2CBF15DB-6739-4AB0-9887-082EE04C64D7}.AppStore|iPhone.ActiveCfg = Debug|Any CPU
		{2CBF15DB-6739-4AB0-9887-082EE04C64D7}.AppStore|iPhone.Build.0 = Debug|Any CPU
		{2CBF15DB-6739-4AB0-9887-082EE04C64D7}.AppStore|iPhoneSimulator.ActiveCfg = Debug|Any CPU
		{2CBF15DB-6739-4AB0-9887-082EE04C64D7}.AppStore|iPhoneSimulator.Build.0 = Debug|Any CPU
		{2CBF15DB-6739-4AB0-9887-082EE04C64D7}.AppStore|x64.ActiveCfg = Debug|Any CPU
		{2CBF15DB-6739-4AB0-9887-082EE04C64D7}.AppStore|x64.Build.0 = Debug|Any CPU
		{2CBF15DB-6739-4AB0-9887-082EE04C64D7}.AppStore|x86.ActiveCfg = Debug|Any CPU
		{2CBF15DB-6739-4AB0-9887-082EE04C64D7}.AppStore|x86.Build.0 = Debug|Any CPU
		{2CBF15DB-6739-4AB0-9887-082EE04C64D7}.Debug|Any CPU.ActiveCfg = Debug|Any CPU
		{2CBF15DB-6739-4AB0-9887-082EE04C64D7}.Debug|Any CPU.Build.0 = Debug|Any CPU
		{2CBF15DB-6739-4AB0-9887-082EE04C64D7}.Debug|ARM.ActiveCfg = Debug|Any CPU
		{2CBF15DB-6739-4AB0-9887-082EE04C64D7}.Debug|ARM.Build.0 = Debug|Any CPU
		{2CBF15DB-6739-4AB0-9887-082EE04C64D7}.Debug|iPhone.ActiveCfg = Debug|Any CPU
		{2CBF15DB-6739-4AB0-9887-082EE04C64D7}.Debug|iPhone.Build.0 = Debug|Any CPU
		{2CBF15DB-6739-4AB0-9887-082EE04C64D7}.Debug|iPhoneSimulator.ActiveCfg = Debug|Any CPU
		{2CBF15DB-6739-4AB0-9887-082EE04C64D7}.Debug|iPhoneSimulator.Build.0 = Debug|Any CPU
		{2CBF15DB-6739-4AB0-9887-082EE04C64D7}.Debug|x64.ActiveCfg = Debug|Any CPU
		{2CBF15DB-6739-4AB0-9887-082EE04C64D7}.Debug|x64.Build.0 = Debug|Any CPU
		{2CBF15DB-6739-4AB0-9887-082EE04C64D7}.Debug|x86.ActiveCfg = Debug|Any CPU
		{2CBF15DB-6739-4AB0-9887-082EE04C64D7}.Debug|x86.Build.0 = Debug|Any CPU
		{2CBF15DB-6739-4AB0-9887-082EE04C64D7}.Release|Any CPU.ActiveCfg = Release|Any CPU
		{2CBF15DB-6739-4AB0-9887-082EE04C64D7}.Release|Any CPU.Build.0 = Release|Any CPU
		{2CBF15DB-6739-4AB0-9887-082EE04C64D7}.Release|ARM.ActiveCfg = Release|Any CPU
		{2CBF15DB-6739-4AB0-9887-082EE04C64D7}.Release|ARM.Build.0 = Release|Any CPU
		{2CBF15DB-6739-4AB0-9887-082EE04C64D7}.Release|iPhone.ActiveCfg = Release|Any CPU
		{2CBF15DB-6739-4AB0-9887-082EE04C64D7}.Release|iPhone.Build.0 = Release|Any CPU
		{2CBF15DB-6739-4AB0-9887-082EE04C64D7}.Release|iPhoneSimulator.ActiveCfg = Release|Any CPU
		{2CBF15DB-6739-4AB0-9887-082EE04C64D7}.Release|iPhoneSimulator.Build.0 = Release|Any CPU
		{2CBF15DB-6739-4AB0-9887-082EE04C64D7}.Release|x64.ActiveCfg = Release|Any CPU
		{2CBF15DB-6739-4AB0-9887-082EE04C64D7}.Release|x64.Build.0 = Release|Any CPU
		{2CBF15DB-6739-4AB0-9887-082EE04C64D7}.Release|x86.ActiveCfg = Release|Any CPU
		{2CBF15DB-6739-4AB0-9887-082EE04C64D7}.Release|x86.Build.0 = Release|Any CPU
	EndGlobalSection
	GlobalSection(SolutionProperties) = preSolution
		HideSolutionNode = FALSE
	EndGlobalSection
	GlobalSection(ExtensibilityGlobals) = postSolution
		SolutionGuid = {F6D05029-56B8-4E45-AF2D-0E76295DDBA2}
	EndGlobalSection
EndGlobal
